
Microsoft Visual Studio Solution File, Format Version 12.00
# Visual Studio Version 16
VisualStudioVersion = 16.0.31112.23
MinimumVisualStudioVersion = 10.0.40219.1
Project("{9A19103F-16F7-4668-BE54-9A1E7A4F7556}") = "FeestSpel", "FeestSpel\FeestSpel.csproj", "{1DB61DEA-4EF0-44A5-9CE5-EE708B2D8A6A}"
EndProject
Global
	GlobalSection(SolutionConfigurationPlatforms) = preSolution
		Debug|Any CPU = Debug|Any CPU
		Release|Any CPU = Release|Any CPU
	EndGlobalSection
	GlobalSection(ProjectConfigurationPlatforms) = postSolution
		{1DB61DEA-4EF0-44A5-9CE5-EE708B2D8A6A}.Debug|Any CPU.ActiveCfg = Debug|Any CPU
		{1DB61DEA-4EF0-44A5-9CE5-EE708B2D8A6A}.Debug|Any CPU.Build.0 = Debug|Any CPU
		{1DB61DEA-4EF0-44A5-9CE5-EE708B2D8A6A}.Release|Any CPU.ActiveCfg = Release|Any CPU
		{1DB61DEA-4EF0-44A5-9CE5-EE708B2D8A6A}.Release|Any CPU.Build.0 = Release|Any CPU
	EndGlobalSection
	GlobalSection(SolutionProperties) = preSolution
		HideSolutionNode = FALSE
	EndGlobalSection
	GlobalSection(ExtensibilityGlobals) = postSolution
		SolutionGuid = {110C9C5F-6DD0-4E13-9F84-9B949A264ABE}
	EndGlobalSection
EndGlobal
