
Microsoft Visual Studio Solution File, Format Version 12.00
# Visual Studio Version 16
VisualStudioVersion = 16.0.31112.23
MinimumVisualStudioVersion = 10.0.40219.1
Project("{FAE04EC0-301F-11D3-BF4B-00C04F79EFBC}") = "Proost", "Proost\Proost.csproj", "{4D724C30-593B-4BAF-BB38-5E4A59F8B08A}"
EndProject
Global
	GlobalSection(SolutionConfigurationPlatforms) = preSolution
		Debug|Any CPU = Debug|Any CPU
		Release|Any CPU = Release|Any CPU
	EndGlobalSection
	GlobalSection(ProjectConfigurationPlatforms) = postSolution
		{4D724C30-593B-4BAF-BB38-5E4A59F8B08A}.Debug|Any CPU.ActiveCfg = Debug|Any CPU
		{4D724C30-593B-4BAF-BB38-5E4A59F8B08A}.Debug|Any CPU.Build.0 = Debug|Any CPU
		{4D724C30-593B-4BAF-BB38-5E4A59F8B08A}.Release|Any CPU.ActiveCfg = Release|Any CPU
		{4D724C30-593B-4BAF-BB38-5E4A59F8B08A}.Release|Any CPU.Build.0 = Release|Any CPU
	EndGlobalSection
	GlobalSection(SolutionProperties) = preSolution
		HideSolutionNode = FALSE
	EndGlobalSection
	GlobalSection(ExtensibilityGlobals) = postSolution
		SolutionGuid = {00AD0B63-84B4-444A-AB1E-E0C452A356C3}
	EndGlobalSection
EndGlobal
